
Microsoft Visual Studio Solution File, Format Version 12.00
# Visual Studio Version 17
VisualStudioVersion = 17.0.32014.148
MinimumVisualStudioVersion = 10.0.40219.1
Project("{FAE04EC0-301F-11D3-BF4B-00C04F79EFBC}") = "WebApplication1", "WebApplication1\WebApplication1.csproj", "{6598A87D-4D57-475F-920D-45D6BF6E30FC}"
EndProject
Global
	GlobalSection(SolutionConfigurationPlatforms) = preSolution
		Debug|Any CPU = Debug|Any CPU
		Release|Any CPU = Release|Any CPU
	EndGlobalSection
	GlobalSection(ProjectConfigurationPlatforms) = postSolution
		{6598A87D-4D57-475F-920D-45D6BF6E30FC}.Debug|Any CPU.ActiveCfg = Debug|Any CPU
		{6598A87D-4D57-475F-920D-45D6BF6E30FC}.Debug|Any CPU.Build.0 = Debug|Any CPU
		{6598A87D-4D57-475F-920D-45D6BF6E30FC}.Release|Any CPU.ActiveCfg = Release|Any CPU
		{6598A87D-4D57-475F-920D-45D6BF6E30FC}.Release|Any CPU.Build.0 = Release|Any CPU
	EndGlobalSection
	GlobalSection(SolutionProperties) = preSolution
		HideSolutionNode = FALSE
	EndGlobalSection
	GlobalSection(ExtensibilityGlobals) = postSolution
		SolutionGuid = {120D253D-8B6C-4350-8BB9-19D57C152F41}
	EndGlobalSection
EndGlobal
